
Microsoft Visual Studio Solution File, Format Version 12.00
# Visual Studio Version 16
VisualStudioVersion = 16.0.30114.105
MinimumVisualStudioVersion = 10.0.40219.1
Project("{FAE04EC0-301F-11D3-BF4B-00C04F79EFBC}") = "Application", "Api.Application\Application.csproj", "{A8F1A42E-7DD0-48E6-8A2C-000355515F06}"
EndProject
Project("{FAE04EC0-301F-11D3-BF4B-00C04F79EFBC}") = "Domain", "Api.Domain\Domain.csproj", "{280A2C86-D3E5-49B3-81BE-64F9B236B62C}"
EndProject
Project("{FAE04EC0-301F-11D3-BF4B-00C04F79EFBC}") = "Infra", "Api.Infra\Infra.csproj", "{C776FDC1-23E1-42DC-A519-B7F6B530BFA6}"
EndProject
Project("{FAE04EC0-301F-11D3-BF4B-00C04F79EFBC}") = "Service", "Api.Service\Service.csproj", "{0CA25837-30F5-4DBA-9838-B3A84DD7A97B}"
EndProject
Project("{FAE04EC0-301F-11D3-BF4B-00C04F79EFBC}") = "CrossCutting", "Api.CrossCutting\CrossCutting.csproj", "{59E2777A-18BD-413C-B9F3-C3F6DC390DAC}"
EndProject
Project("{FAE04EC0-301F-11D3-BF4B-00C04F79EFBC}") = "Api.Data.Teste", "Api.Data.Teste\Api.Data.Teste.csproj", "{8D344905-B0C1-4463-A412-950CC94DBFE8}"
EndProject
Project("{FAE04EC0-301F-11D3-BF4B-00C04F79EFBC}") = "Api.Service.Teste", "Api.Service.Teste\Api.Service.Teste.csproj", "{1AC75445-3162-44D4-91F0-55C78E797F0D}"
EndProject
Project("{FAE04EC0-301F-11D3-BF4B-00C04F79EFBC}") = "Api.Aplication.Teste", "Api.Aplication.Test\Api.Aplication.Teste.csproj", "{163AA160-900E-4332-82B6-C64F77C52AE3}"
EndProject
Project("{FAE04EC0-301F-11D3-BF4B-00C04F79EFBC}") = "Api.Integration.Test", "Api.Integration.Test\Api.Integration.Test.csproj", "{DC826E3D-154F-482B-8608-87C2FE6D10F8}"
EndProject
Global
	GlobalSection(SolutionConfigurationPlatforms) = preSolution
		Debug|Any CPU = Debug|Any CPU
		Debug|x64 = Debug|x64
		Debug|x86 = Debug|x86
		Release|Any CPU = Release|Any CPU
		Release|x64 = Release|x64
		Release|x86 = Release|x86
	EndGlobalSection
	GlobalSection(SolutionProperties) = preSolution
		HideSolutionNode = FALSE
	EndGlobalSection
	GlobalSection(ProjectConfigurationPlatforms) = postSolution
		{A8F1A42E-7DD0-48E6-8A2C-000355515F06}.Debug|Any CPU.ActiveCfg = Debug|Any CPU
		{A8F1A42E-7DD0-48E6-8A2C-000355515F06}.Debug|Any CPU.Build.0 = Debug|Any CPU
		{A8F1A42E-7DD0-48E6-8A2C-000355515F06}.Debug|x64.ActiveCfg = Debug|Any CPU
		{A8F1A42E-7DD0-48E6-8A2C-000355515F06}.Debug|x64.Build.0 = Debug|Any CPU
		{A8F1A42E-7DD0-48E6-8A2C-000355515F06}.Debug|x86.ActiveCfg = Debug|Any CPU
		{A8F1A42E-7DD0-48E6-8A2C-000355515F06}.Debug|x86.Build.0 = Debug|Any CPU
		{A8F1A42E-7DD0-48E6-8A2C-000355515F06}.Release|Any CPU.ActiveCfg = Release|Any CPU
		{A8F1A42E-7DD0-48E6-8A2C-000355515F06}.Release|Any CPU.Build.0 = Release|Any CPU
		{A8F1A42E-7DD0-48E6-8A2C-000355515F06}.Release|x64.ActiveCfg = Release|Any CPU
		{A8F1A42E-7DD0-48E6-8A2C-000355515F06}.Release|x64.Build.0 = Release|Any CPU
		{A8F1A42E-7DD0-48E6-8A2C-000355515F06}.Release|x86.ActiveCfg = Release|Any CPU
		{A8F1A42E-7DD0-48E6-8A2C-000355515F06}.Release|x86.Build.0 = Release|Any CPU
		{280A2C86-D3E5-49B3-81BE-64F9B236B62C}.Debug|Any CPU.ActiveCfg = Debug|Any CPU
		{280A2C86-D3E5-49B3-81BE-64F9B236B62C}.Debug|Any CPU.Build.0 = Debug|Any CPU
		{280A2C86-D3E5-49B3-81BE-64F9B236B62C}.Debug|x64.ActiveCfg = Debug|Any CPU
		{280A2C86-D3E5-49B3-81BE-64F9B236B62C}.Debug|x64.Build.0 = Debug|Any CPU
		{280A2C86-D3E5-49B3-81BE-64F9B236B62C}.Debug|x86.ActiveCfg = Debug|Any CPU
		{280A2C86-D3E5-49B3-81BE-64F9B236B62C}.Debug|x86.Build.0 = Debug|Any CPU
		{280A2C86-D3E5-49B3-81BE-64F9B236B62C}.Release|Any CPU.ActiveCfg = Release|Any CPU
		{280A2C86-D3E5-49B3-81BE-64F9B236B62C}.Release|Any CPU.Build.0 = Release|Any CPU
		{280A2C86-D3E5-49B3-81BE-64F9B236B62C}.Release|x64.ActiveCfg = Release|Any CPU
		{280A2C86-D3E5-49B3-81BE-64F9B236B62C}.Release|x64.Build.0 = Release|Any CPU
		{280A2C86-D3E5-49B3-81BE-64F9B236B62C}.Release|x86.ActiveCfg = Release|Any CPU
		{280A2C86-D3E5-49B3-81BE-64F9B236B62C}.Release|x86.Build.0 = Release|Any CPU
		{C776FDC1-23E1-42DC-A519-B7F6B530BFA6}.Debug|Any CPU.ActiveCfg = Debug|Any CPU
		{C776FDC1-23E1-42DC-A519-B7F6B530BFA6}.Debug|Any CPU.Build.0 = Debug|Any CPU
		{C776FDC1-23E1-42DC-A519-B7F6B530BFA6}.Debug|x64.ActiveCfg = Debug|Any CPU
		{C776FDC1-23E1-42DC-A519-B7F6B530BFA6}.Debug|x64.Build.0 = Debug|Any CPU
		{C776FDC1-23E1-42DC-A519-B7F6B530BFA6}.Debug|x86.ActiveCfg = Debug|Any CPU
		{C776FDC1-23E1-42DC-A519-B7F6B530BFA6}.Debug|x86.Build.0 = Debug|Any CPU
		{C776FDC1-23E1-42DC-A519-B7F6B530BFA6}.Release|Any CPU.ActiveCfg = Release|Any CPU
		{C776FDC1-23E1-42DC-A519-B7F6B530BFA6}.Release|Any CPU.Build.0 = Release|Any CPU
		{C776FDC1-23E1-42DC-A519-B7F6B530BFA6}.Release|x64.ActiveCfg = Release|Any CPU
		{C776FDC1-23E1-42DC-A519-B7F6B530BFA6}.Release|x64.Build.0 = Release|Any CPU
		{C776FDC1-23E1-42DC-A519-B7F6B530BFA6}.Release|x86.ActiveCfg = Release|Any CPU
		{C776FDC1-23E1-42DC-A519-B7F6B530BFA6}.Release|x86.Build.0 = Release|Any CPU
		{0CA25837-30F5-4DBA-9838-B3A84DD7A97B}.Debug|Any CPU.ActiveCfg = Debug|Any CPU
		{0CA25837-30F5-4DBA-9838-B3A84DD7A97B}.Debug|Any CPU.Build.0 = Debug|Any CPU
		{0CA25837-30F5-4DBA-9838-B3A84DD7A97B}.Debug|x64.ActiveCfg = Debug|Any CPU
		{0CA25837-30F5-4DBA-9838-B3A84DD7A97B}.Debug|x64.Build.0 = Debug|Any CPU
		{0CA25837-30F5-4DBA-9838-B3A84DD7A97B}.Debug|x86.ActiveCfg = Debug|Any CPU
		{0CA25837-30F5-4DBA-9838-B3A84DD7A97B}.Debug|x86.Build.0 = Debug|Any CPU
		{0CA25837-30F5-4DBA-9838-B3A84DD7A97B}.Release|Any CPU.ActiveCfg = Release|Any CPU
		{0CA25837-30F5-4DBA-9838-B3A84DD7A97B}.Release|Any CPU.Build.0 = Release|Any CPU
		{0CA25837-30F5-4DBA-9838-B3A84DD7A97B}.Release|x64.ActiveCfg = Release|Any CPU
		{0CA25837-30F5-4DBA-9838-B3A84DD7A97B}.Release|x64.Build.0 = Release|Any CPU
		{0CA25837-30F5-4DBA-9838-B3A84DD7A97B}.Release|x86.ActiveCfg = Release|Any CPU
		{0CA25837-30F5-4DBA-9838-B3A84DD7A97B}.Release|x86.Build.0 = Release|Any CPU
		{59E2777A-18BD-413C-B9F3-C3F6DC390DAC}.Debug|Any CPU.ActiveCfg = Debug|Any CPU
		{59E2777A-18BD-413C-B9F3-C3F6DC390DAC}.Debug|Any CPU.Build.0 = Debug|Any CPU
		{59E2777A-18BD-413C-B9F3-C3F6DC390DAC}.Debug|x64.ActiveCfg = Debug|Any CPU
		{59E2777A-18BD-413C-B9F3-C3F6DC390DAC}.Debug|x64.Build.0 = Debug|Any CPU
		{59E2777A-18BD-413C-B9F3-C3F6DC390DAC}.Debug|x86.ActiveCfg = Debug|Any CPU
		{59E2777A-18BD-413C-B9F3-C3F6DC390DAC}.Debug|x86.Build.0 = Debug|Any CPU
		{59E2777A-18BD-413C-B9F3-C3F6DC390DAC}.Release|Any CPU.ActiveCfg = Release|Any CPU
		{59E2777A-18BD-413C-B9F3-C3F6DC390DAC}.Release|Any CPU.Build.0 = Release|Any CPU
		{59E2777A-18BD-413C-B9F3-C3F6DC390DAC}.Release|x64.ActiveCfg = Release|Any CPU
		{59E2777A-18BD-413C-B9F3-C3F6DC390DAC}.Release|x64.Build.0 = Release|Any CPU
		{59E2777A-18BD-413C-B9F3-C3F6DC390DAC}.Release|x86.ActiveCfg = Release|Any CPU
		{59E2777A-18BD-413C-B9F3-C3F6DC390DAC}.Release|x86.Build.0 = Release|Any CPU
		{8D344905-B0C1-4463-A412-950CC94DBFE8}.Debug|Any CPU.ActiveCfg = Debug|Any CPU
		{8D344905-B0C1-4463-A412-950CC94DBFE8}.Debug|Any CPU.Build.0 = Debug|Any CPU
		{8D344905-B0C1-4463-A412-950CC94DBFE8}.Debug|x64.ActiveCfg = Debug|Any CPU
		{8D344905-B0C1-4463-A412-950CC94DBFE8}.Debug|x64.Build.0 = Debug|Any CPU
		{8D344905-B0C1-4463-A412-950CC94DBFE8}.Debug|x86.ActiveCfg = Debug|Any CPU
		{8D344905-B0C1-4463-A412-950CC94DBFE8}.Debug|x86.Build.0 = Debug|Any CPU
		{8D344905-B0C1-4463-A412-950CC94DBFE8}.Release|Any CPU.ActiveCfg = Release|Any CPU
		{8D344905-B0C1-4463-A412-950CC94DBFE8}.Release|Any CPU.Build.0 = Release|Any CPU
		{8D344905-B0C1-4463-A412-950CC94DBFE8}.Release|x64.ActiveCfg = Release|Any CPU
		{8D344905-B0C1-4463-A412-950CC94DBFE8}.Release|x64.Build.0 = Release|Any CPU
		{8D344905-B0C1-4463-A412-950CC94DBFE8}.Release|x86.ActiveCfg = Release|Any CPU
		{8D344905-B0C1-4463-A412-950CC94DBFE8}.Release|x86.Build.0 = Release|Any CPU
		{1AC75445-3162-44D4-91F0-55C78E797F0D}.Debug|Any CPU.ActiveCfg = Debug|Any CPU
		{1AC75445-3162-44D4-91F0-55C78E797F0D}.Debug|Any CPU.Build.0 = Debug|Any CPU
		{1AC75445-3162-44D4-91F0-55C78E797F0D}.Debug|x64.ActiveCfg = Debug|Any CPU
		{1AC75445-3162-44D4-91F0-55C78E797F0D}.Debug|x64.Build.0 = Debug|Any CPU
		{1AC75445-3162-44D4-91F0-55C78E797F0D}.Debug|x86.ActiveCfg = Debug|Any CPU
		{1AC75445-3162-44D4-91F0-55C78E797F0D}.Debug|x86.Build.0 = Debug|Any CPU
		{1AC75445-3162-44D4-91F0-55C78E797F0D}.Release|Any CPU.ActiveCfg = Release|Any CPU
		{1AC75445-3162-44D4-91F0-55C78E797F0D}.Release|Any CPU.Build.0 = Release|Any CPU
		{1AC75445-3162-44D4-91F0-55C78E797F0D}.Release|x64.ActiveCfg = Release|Any CPU
		{1AC75445-3162-44D4-91F0-55C78E797F0D}.Release|x64.Build.0 = Release|Any CPU
		{1AC75445-3162-44D4-91F0-55C78E797F0D}.Release|x86.ActiveCfg = Release|Any CPU
		{1AC75445-3162-44D4-91F0-55C78E797F0D}.Release|x86.Build.0 = Release|Any CPU
		{163AA160-900E-4332-82B6-C64F77C52AE3}.Debug|Any CPU.ActiveCfg = Debug|Any CPU
		{163AA160-900E-4332-82B6-C64F77C52AE3}.Debug|Any CPU.Build.0 = Debug|Any CPU
		{163AA160-900E-4332-82B6-C64F77C52AE3}.Debug|x64.ActiveCfg = Debug|Any CPU
		{163AA160-900E-4332-82B6-C64F77C52AE3}.Debug|x64.Build.0 = Debug|Any CPU
		{163AA160-900E-4332-82B6-C64F77C52AE3}.Debug|x86.ActiveCfg = Debug|Any CPU
		{163AA160-900E-4332-82B6-C64F77C52AE3}.Debug|x86.Build.0 = Debug|Any CPU
		{163AA160-900E-4332-82B6-C64F77C52AE3}.Release|Any CPU.ActiveCfg = Release|Any CPU
		{163AA160-900E-4332-82B6-C64F77C52AE3}.Release|Any CPU.Build.0 = Release|Any CPU
		{163AA160-900E-4332-82B6-C64F77C52AE3}.Release|x64.ActiveCfg = Release|Any CPU
		{163AA160-900E-4332-82B6-C64F77C52AE3}.Release|x64.Build.0 = Release|Any CPU
		{163AA160-900E-4332-82B6-C64F77C52AE3}.Release|x86.ActiveCfg = Release|Any CPU
		{163AA160-900E-4332-82B6-C64F77C52AE3}.Release|x86.Build.0 = Release|Any CPU
		{DC826E3D-154F-482B-8608-87C2FE6D10F8}.Debug|Any CPU.ActiveCfg = Debug|Any CPU
		{DC826E3D-154F-482B-8608-87C2FE6D10F8}.Debug|Any CPU.Build.0 = Debug|Any CPU
		{DC826E3D-154F-482B-8608-87C2FE6D10F8}.Debug|x64.ActiveCfg = Debug|Any CPU
		{DC826E3D-154F-482B-8608-87C2FE6D10F8}.Debug|x64.Build.0 = Debug|Any CPU
		{DC826E3D-154F-482B-8608-87C2FE6D10F8}.Debug|x86.ActiveCfg = Debug|Any CPU
		{DC826E3D-154F-482B-8608-87C2FE6D10F8}.Debug|x86.Build.0 = Debug|Any CPU
		{DC826E3D-154F-482B-8608-87C2FE6D10F8}.Release|Any CPU.ActiveCfg = Release|Any CPU
		{DC826E3D-154F-482B-8608-87C2FE6D10F8}.Release|Any CPU.Build.0 = Release|Any CPU
		{DC826E3D-154F-482B-8608-87C2FE6D10F8}.Release|x64.ActiveCfg = Release|Any CPU
		{DC826E3D-154F-482B-8608-87C2FE6D10F8}.Release|x64.Build.0 = Release|Any CPU
		{DC826E3D-154F-482B-8608-87C2FE6D10F8}.Release|x86.ActiveCfg = Release|Any CPU
		{DC826E3D-154F-482B-8608-87C2FE6D10F8}.Release|x86.Build.0 = Release|Any CPU
	EndGlobalSection
EndGlobal
